
Microsoft Visual Studio Solution File, Format Version 12.00
# Visual Studio Version 17
VisualStudioVersion = 17.7.34024.191
MinimumVisualStudioVersion = 10.0.40219.1
Project("{FAE04EC0-301F-11D3-BF4B-00C04F79EFBC}") = "ToDoApp", "ToDoApp.csproj", "{DC44A2DB-439B-44A7-A151-ADFFF8581232}"
EndProject
Global
	GlobalSection(SolutionConfigurationPlatforms) = preSolution
		Debug|Any CPU = Debug|Any CPU
		Release|Any CPU = Release|Any CPU
	EndGlobalSection
	GlobalSection(ProjectConfigurationPlatforms) = postSolution
		{DC44A2DB-439B-44A7-A151-ADFFF8581232}.Debug|Any CPU.ActiveCfg = Debug|Any CPU
		{DC44A2DB-439B-44A7-A151-ADFFF8581232}.Debug|Any CPU.Build.0 = Debug|Any CPU
		{DC44A2DB-439B-44A7-A151-ADFFF8581232}.Release|Any CPU.ActiveCfg = Release|Any CPU
		{DC44A2DB-439B-44A7-A151-ADFFF8581232}.Release|Any CPU.Build.0 = Release|Any CPU
	EndGlobalSection
	GlobalSection(SolutionProperties) = preSolution
		HideSolutionNode = FALSE
	EndGlobalSection
	GlobalSection(ExtensibilityGlobals) = postSolution
		SolutionGuid = {4D77B60A-E9C2-4C36-9E94-0195809F0C25}
	EndGlobalSection
EndGlobal
